// !$*UTF8*$!
{
	archiveVersion = 1;
	classes = {
	};
	objectVersion = 46;
	objects = {

/* Begin PBXBuildFile section */
		228D5D4D1EE5B8A300B88517 /* AppDelegate.swift in Sources */ = {isa = PBXBuildFile; fileRef = 228D5D4C1EE5B8A300B88517 /* AppDelegate.swift */; };
		228D5D4F1EE5B8A300B88517 /* ViewController.swift in Sources */ = {isa = PBXBuildFile; fileRef = 228D5D4E1EE5B8A300B88517 /* ViewController.swift */; };
		228D5D521EE5B8A300B88517 /* Main.storyboard in Resources */ = {isa = PBXBuildFile; fileRef = 228D5D501EE5B8A300B88517 /* Main.storyboard */; };
		228D5D551EE5B8A300B88517 /* Sound_Board.xcdatamodeld in Sources */ = {isa = PBXBuildFile; fileRef = 228D5D531EE5B8A300B88517 /* Sound_Board.xcdatamodeld */; };
		228D5D571EE5B8A300B88517 /* Assets.xcassets in Resources */ = {isa = PBXBuildFile; fileRef = 228D5D561EE5B8A300B88517 /* Assets.xcassets */; };
		228D5D5A1EE5B8A300B88517 /* LaunchScreen.storyboard in Resources */ = {isa = PBXBuildFile; fileRef = 228D5D581EE5B8A300B88517 /* LaunchScreen.storyboard */; };
		228D5D621EE5BABF00B88517 /* SoundViewController.swift in Sources */ = {isa = PBXBuildFile; fileRef = 228D5D611EE5BABF00B88517 /* SoundViewController.swift */; };
/* End PBXBuildFile section */

/* Begin PBXFileReference section */
		228D5D491EE5B8A300B88517 /* Sound Board.app */ = {isa = PBXFileReference; explicitFileType = wrapper.application; includeInIndex = 0; path = "Sound Board.app"; sourceTree = BUILT_PRODUCTS_DIR; };
		228D5D4C1EE5B8A300B88517 /* AppDelegate.swift */ = {isa = PBXFileReference; lastKnownFileType = sourcecode.swift; path = AppDelegate.swift; sourceTree = "<group>"; };
		228D5D4E1EE5B8A300B88517 /* ViewController.swift */ = {isa = PBXFileReference; lastKnownFileType = sourcecode.swift; path = ViewController.swift; sourceTree = "<group>"; };
		228D5D511EE5B8A300B88517 /* Base */ = {isa = PBXFileReference; lastKnownFileType = file.storyboard; name = Base; path = Base.lproj/Main.storyboard; sourceTree = "<group>"; };
		228D5D541EE5B8A300B88517 /* Sound_Board.xcdatamodel */ = {isa = PBXFileReference; lastKnownFileType = wrapper.xcdatamodel; path = Sound_Board.xcdatamodel; sourceTree = "<group>"; };
		228D5D561EE5B8A300B88517 /* Assets.xcassets */ = {isa = PBXFileReference; lastKnownFileType = folder.assetcatalog; path = Assets.xcassets; sourceTree = "<group>"; };
		228D5D591EE5B8A300B88517 /* Base */ = {isa = PBXFileReference; lastKnownFileType = file.storyboard; name = Base; path = Base.lproj/LaunchScreen.storyboard; sourceTree = "<group>"; };
		228D5D5B1EE5B8A400B88517 /* Info.plist */ = {isa = PBXFileReference; lastKnownFileType = text.plist.xml; path = Info.plist; sourceTree = "<group>"; };
		228D5D611EE5BABF00B88517 /* SoundViewController.swift */ = {isa = PBXFileReference; fileEncoding = 4; lastKnownFileType = sourcecode.swift; path = SoundViewController.swift; sourceTree = "<group>"; };
/* End PBXFileReference section */

/* Begin PBXFrameworksBuildPhase section */
		228D5D461EE5B8A300B88517 /* Frameworks */ = {
			isa = PBXFrameworksBuildPhase;
			buildActionMask = 2147483647;
			files = (
			);
			runOnlyForDeploymentPostprocessing = 0;
		};
/* End PBXFrameworksBuildPhase section */

/* Begin PBXGroup section */
		228D5D401EE5B8A300B88517 = {
			isa = PBXGroup;
			children = (
				228D5D4B1EE5B8A300B88517 /* Sound Board */,
				228D5D4A1EE5B8A300B88517 /* Products */,
			);
			sourceTree = "<group>";
		};
		228D5D4A1EE5B8A300B88517 /* Products */ = {
			isa = PBXGroup;
			children = (
				228D5D491EE5B8A300B88517 /* Sound Board.app */,
			);
			name = Products;
			sourceTree = "<group>";
		};
		228D5D4B1EE5B8A300B88517 /* Sound Board */ = {
			isa = PBXGroup;
			children = (
				228D5D4C1EE5B8A300B88517 /* AppDelegate.swift */,
				228D5D4E1EE5B8A300B88517 /* ViewController.swift */,
				228D5D501EE5B8A300B88517 /* Main.storyboard */,
				228D5D611EE5BABF00B88517 /* SoundViewController.swift */,
				228D5D561EE5B8A300B88517 /* Assets.xcassets */,
				228D5D581EE5B8A300B88517 /* LaunchScreen.storyboard */,
				228D5D5B1EE5B8A400B88517 /* Info.plist */,
				228D5D531EE5B8A300B88517 /* Sound_Board.xcdatamodeld */,
			);
			path = "Sound Board";
			sourceTree = "<group>";
		};
/* End PBXGroup section */

/* Begin PBXNativeTarget section */
		228D5D481EE5B8A300B88517 /* Sound Board */ = {
			isa = PBXNativeTarget;
			buildConfigurationList = 228D5D5E1EE5B8A400B88517 /* Build configuration list for PBXNativeTarget "Sound Board" */;
			buildPhases = (
				228D5D451EE5B8A300B88517 /* Sources */,
				228D5D461EE5B8A300B88517 /* Frameworks */,
				228D5D471EE5B8A300B88517 /* Resources */,
			);
			buildRules = (
			);
			dependencies = (
			);
			name = "Sound Board";
			productName = "Sound Board";
			productReference = 228D5D491EE5B8A300B88517 /* Sound Board.app */;
			productType = "com.apple.product-type.application";
		};
/* End PBXNativeTarget section */

/* Begin PBXProject section */
		228D5D411EE5B8A300B88517 /* Project object */ = {
			isa = PBXProject;
			attributes = {
				LastSwiftUpdateCheck = 0830;
				LastUpgradeCheck = 0830;
				ORGANIZATIONNAME = "BB Inc";
				TargetAttributes = {
					228D5D481EE5B8A300B88517 = {
						CreatedOnToolsVersion = 8.3.2;
						DevelopmentTeam = JYY2FMUC3P;
						ProvisioningStyle = Automatic;
					};
				};
			};
			buildConfigurationList = 228D5D441EE5B8A300B88517 /* Build configuration list for PBXProject "Sound Board" */;
			compatibilityVersion = "Xcode 3.2";
			developmentRegion = English;
			hasScannedForEncodings = 0;
			knownRegions = (
				en,
				Base,
			);
			mainGroup = 228D5D401EE5B8A300B88517;
			productRefGroup = 228D5D4A1EE5B8A300B88517 /* Products */;
			projectDirPath = "";
			projectRoot = "";
			targets = (
				228D5D481EE5B8A300B88517 /* Sound Board */,
			);
		};
/* End PBXProject section */

/* Begin PBXResourcesBuildPhase section */
		228D5D471EE5B8A300B88517 /* Resources */ = {
			isa = PBXResourcesBuildPhase;
			buildActionMask = 2147483647;
			files = (
				228D5D5A1EE5B8A300B88517 /* LaunchScreen.storyboard in Resources */,
				228D5D571EE5B8A300B88517 /* Assets.xcassets in Resources */,
				228D5D521EE5B8A300B88517 /* Main.storyboard in Resources */,
			);
			runOnlyForDeploymentPostprocessing = 0;
		};
/* End PBXResourcesBuildPhase section */

/* Begin PBXSourcesBuildPhase section */
		228D5D451EE5B8A300B88517 /* Sources */ = {
			isa = PBXSourcesBuildPhase;
			buildActionMask = 2147483647;
			files = (
				228D5D621EE5BABF00B88517 /* SoundViewController.swift in Sources */,
				228D5D551EE5B8A300B88517 /* Sound_Board.xcdatamodeld in Sources */,
				228D5D4F1EE5B8A300B88517 /* ViewController.swift in Sources */,
				228D5D4D1EE5B8A300B88517 /* AppDelegate.swift in Sources */,
			);
			runOnlyForDeploymentPostprocessing = 0;
		};
/* End PBXSourcesBuildPhase section */

/* Begin PBXVariantGroup section */
		228D5D501EE5B8A300B88517 /* Main.storyboard */ = {
			isa = PBXVariantGroup;
			children = (
				228D5D511EE5B8A300B88517 /* Base */,
			);
			name = Main.storyboard;
			sourceTree = "<group>";
		};
		228D5D581EE5B8A300B88517 /* LaunchScreen.storyboard */ = {
			isa = PBXVariantGroup;
			children = (
				228D5D591EE5B8A300B88517 /* Base */,
			);
			name = LaunchScreen.storyboard;
			sourceTree = "<group>";
		};
/* End PBXVariantGroup section */

/* Begin XCBuildConfiguration section */
		228D5D5C1EE5B8A400B88517 /* Debug */ = {
			isa = XCBuildConfiguration;
			buildSettings = {
				ALWAYS_SEARCH_USER_PATHS = NO;
				CLANG_ANALYZER_NONNULL = YES;
				CLANG_ANALYZER_NUMBER_OBJECT_CONVERSION = YES_AGGRESSIVE;
				CLANG_CXX_LANGUAGE_STANDARD = "gnu++0x";
				CLANG_CXX_LIBRARY = "libc++";
				CLANG_ENABLE_MODULES = YES;
				CLANG_ENABLE_OBJC_ARC = YES;
				CLANG_WARN_BOOL_CONVERSION = YES;
				CLANG_WARN_CONSTANT_CONVERSION = YES;
				CLANG_WARN_DIRECT_OBJC_ISA_USAGE = YES_ERROR;
				CLANG_WARN_DOCUMENTATION_COMMENTS = YES;
				CLANG_WARN_EMPTY_BODY = YES;
				CLANG_WARN_ENUM_CONVERSION = YES;
				CLANG_WARN_INFINITE_RECURSION = YES;
				CLANG_WARN_INT_CONVERSION = YES;
				CLANG_WARN_OBJC_ROOT_CLASS = YES_ERROR;
				CLANG_WARN_SUSPICIOUS_MOVE = YES;
				CLANG_WARN_UNREACHABLE_CODE = YES;
				CLANG_WARN__DUPLICATE_METHOD_MATCH = YES;
				"CODE_SIGN_IDENTITY[sdk=iphoneos*]" = "iPhone Developer";
				COPY_PHASE_STRIP = NO;
				DEBUG_INFORMATION_FORMAT = dwarf;
				ENABLE_STRICT_OBJC_MSGSEND = YES;
				ENABLE_TESTABILITY = YES;
				GCC_C_LANGUAGE_STANDARD = gnu99;
				GCC_DYNAMIC_NO_PIC = NO;
				GCC_NO_COMMON_BLOCKS = YES;
				GCC_OPTIMIZATION_LEVEL = 0;
				GCC_PREPROCESSOR_DEFINITIONS = (
					"DEBUG=1",
					"$(inherited)",
				);
				GCC_WARN_64_TO_32_BIT_CONVERSION = YES;
				GCC_WARN_ABOUT_RETURN_TYPE = YES_ERROR;
				GCC_WARN_UNDECLARED_SELECTOR = YES;
				GCC_WARN_UNINITIALIZED_AUTOS = YES_AGGRESSIVE;
				GCC_WARN_UNUSED_FUNCTION = YES;
				GCC_WARN_UNUSED_VARIABLE = YES;
				IPHONEOS_DEPLOYMENT_TARGET = 10.3;
				MTL_ENABLE_DEBUG_INFO = YES;
				ONLY_ACTIVE_ARCH = YES;
				SDKROOT = iphoneos;
				SWIFT_ACTIVE_COMPILATION_CONDITIONS = DEBUG;
				SWIFT_OPTIMIZATION_LEVEL = "-Onone";
				TARGETED_DEVICE_FAMILY = "1,2";
			};
			name = Debug;
		};
		228D5D5D1EE5B8A400B88517 /* Release */ = {
			isa = XCBuildConfiguration;
			buildSettings = {
				ALWAYS_SEARCH_USER_PATHS = NO;
				CLANG_ANALYZER_NONNULL = YES;
				CLANG_ANALYZER_NUMBER_OBJECT_CONVERSION = YES_AGGRESSIVE;
				CLANG_CXX_LANGUAGE_STANDARD = "gnu++0x";
				CLANG_CXX_LIBRARY = "libc++";
				CLANG_ENABLE_MODULES = YES;
				CLANG_ENABLE_OBJC_ARC = YES;
				CLANG_WARN_BOOL_CONVERSION = YES;
				CLANG_WARN_CONSTANT_CONVERSION = YES;
				CLANG_WARN_DIRECT_OBJC_ISA_USAGE = YES_ERROR;
				CLANG_WARN_DOCUMENTATION_COMMENTS = YES;
				CLANG_WARN_EMPTY_BODY = YES;
				CLANG_WARN_ENUM_CONVERSION = YES;
				CLANG_WARN_INFINITE_RECURSION = YES;
				CLANG_WARN_INT_CONVERSION = YES;
				CLANG_WARN_OBJC_ROOT_CLASS = YES_ERROR;
				CLANG_WARN_SUSPICIOUS_MOVE = YES;
				CLANG_WARN_UNREACHABLE_CODE = YES;
				CLANG_WARN__DUPLICATE_METHOD_MATCH = YES;
				"CODE_SIGN_IDENTITY[sdk=iphoneos*]" = "iPhone Developer";
				COPY_PHASE_STRIP = NO;
				DEBUG_INFORMATION_FORMAT = "dwarf-with-dsym";
				ENABLE_NS_ASSERTIONS = NO;
				ENABLE_STRICT_OBJC_MSGSEND = YES;
				GCC_C_LANGUAGE_STANDARD = gnu99;
				GCC_NO_COMMON_BLOCKS = YES;
				GCC_WARN_64_TO_32_BIT_CONVERSION = YES;
				GCC_WARN_ABOUT_RETURN_TYPE = YES_ERROR;
				GCC_WARN_UNDECLARED_SELECTOR = YES;
				GCC_WARN_UNINITIALIZED_AUTOS = YES_AGGRESSIVE;
				GCC_WARN_UNUSED_FUNCTION = YES;
				GCC_WARN_UNUSED_VARIABLE = YES;
				IPHONEOS_DEPLOYMENT_TARGET = 10.3;
				MTL_ENABLE_DEBUG_INFO = NO;
				SDKROOT = iphoneos;
				SWIFT_OPTIMIZATION_LEVEL = "-Owholemodule";
				TARGETED_DEVICE_FAMILY = "1,2";
				VALIDATE_PRODUCT = YES;
			};
			name = Release;
		};
		228D5D5F1EE5B8A400B88517 /* Debug */ = {
			isa = XCBuildConfiguration;
			buildSettings = {
				ASSETCATALOG_COMPILER_APPICON_NAME = AppIcon;
				DEVELOPMENT_TEAM = JYY2FMUC3P;
				INFOPLIST_FILE = "Sound Board/Info.plist";
				LD_RUNPATH_SEARCH_PATHS = "$(inherited) @executable_path/Frameworks";
				PRODUCT_BUNDLE_IDENTIFIER = "com.bbinc.Sound-Board";
				PRODUCT_NAME = "$(TARGET_NAME)";
				SWIFT_VERSION = 3.0;
			};
			name = Debug;
		};
		228D5D601EE5B8A400B88517 /* Release */ = {
			isa = XCBuildConfiguration;
			buildSettings = {
				ASSETCATALOG_COMPILER_APPICON_NAME = AppIcon;
				DEVELOPMENT_TEAM = JYY2FMUC3P;
				INFOPLIST_FILE = "Sound Board/Info.plist";
				LD_RUNPATH_SEARCH_PATHS = "$(inherited) @executable_path/Frameworks";
				PRODUCT_BUNDLE_IDENTIFIER = "com.bbinc.Sound-Board";
				PRODUCT_NAME = "$(TARGET_NAME)";
				SWIFT_VERSION = 3.0;
			};
			name = Release;
		};
/* End XCBuildConfiguration section */

/* Begin XCConfigurationList section */
		228D5D441EE5B8A300B88517 /* Build configuration list for PBXProject "Sound Board" */ = {
			isa = XCConfigurationList;
			buildConfigurations = (
				228D5D5C1EE5B8A400B88517 /* Debug */,
				228D5D5D1EE5B8A400B88517 /* Release */,
			);
			defaultConfigurationIsVisible = 0;
			defaultConfigurationName = Release;
		};
		228D5D5E1EE5B8A400B88517 /* Build configuration list for PBXNativeTarget "Sound Board" */ = {
			isa = XCConfigurationList;
			buildConfigurations = (
				228D5D5F1EE5B8A400B88517 /* Debug */,
				228D5D601EE5B8A400B88517 /* Release */,
			);
			defaultConfigurationIsVisible = 0;
		};
/* End XCConfigurationList section */

/* Begin XCVersionGroup section */
		228D5D531EE5B8A300B88517 /* Sound_Board.xcdatamodeld */ = {
			isa = XCVersionGroup;
			children = (
				228D5D541EE5B8A300B88517 /* Sound_Board.xcdatamodel */,
			);
			currentVersion = 228D5D541EE5B8A300B88517 /* Sound_Board.xcdatamodel */;
			path = Sound_Board.xcdatamodeld;
			sourceTree = "<group>";
			versionGroupType = wrapper.xcdatamodel;
		};
/* End XCVersionGroup section */
	};
	rootObject = 228D5D411EE5B8A300B88517 /* Project object */;
}
